
Microsoft Visual Studio Solution File, Format Version 12.00
# Visual Studio Version 17
VisualStudioVersion = 17.8.34316.72
MinimumVisualStudioVersion = 10.0.40219.1
Project("{9A19103F-16F7-4668-BE54-9A1E7A4F7556}") = "CalculatorAPI", "CalculatorAPI.csproj", "{38A16C17-E63E-4B2B-8B38-2B639221DAAD}"
EndProject
Project("{FAE04EC0-301F-11D3-BF4B-00C04F79EFBC}") = "TestProject1", "TestProject1\TestProject1.csproj", "{48833A66-BBA8-44FB-A7C2-A7903F1D6B7A}"
EndProject
Global
	GlobalSection(SolutionConfigurationPlatforms) = preSolution
		Debug|Any CPU = Debug|Any CPU
		Release|Any CPU = Release|Any CPU
	EndGlobalSection
	GlobalSection(ProjectConfigurationPlatforms) = postSolution
		{38A16C17-E63E-4B2B-8B38-2B639221DAAD}.Debug|Any CPU.ActiveCfg = Debug|Any CPU
		{38A16C17-E63E-4B2B-8B38-2B639221DAAD}.Debug|Any CPU.Build.0 = Debug|Any CPU
		{38A16C17-E63E-4B2B-8B38-2B639221DAAD}.Release|Any CPU.ActiveCfg = Release|Any CPU
		{38A16C17-E63E-4B2B-8B38-2B639221DAAD}.Release|Any CPU.Build.0 = Release|Any CPU
		{48833A66-BBA8-44FB-A7C2-A7903F1D6B7A}.Debug|Any CPU.ActiveCfg = Debug|Any CPU
		{48833A66-BBA8-44FB-A7C2-A7903F1D6B7A}.Debug|Any CPU.Build.0 = Debug|Any CPU
		{48833A66-BBA8-44FB-A7C2-A7903F1D6B7A}.Release|Any CPU.ActiveCfg = Release|Any CPU
		{48833A66-BBA8-44FB-A7C2-A7903F1D6B7A}.Release|Any CPU.Build.0 = Release|Any CPU
	EndGlobalSection
	GlobalSection(SolutionProperties) = preSolution
		HideSolutionNode = FALSE
	EndGlobalSection
	GlobalSection(ExtensibilityGlobals) = postSolution
		SolutionGuid = {804407B4-5B18-422D-8614-4CB0E9F4B9F2}
	EndGlobalSection
EndGlobal
